// !$*UTF8*$!
{
	archiveVersion = 1;
	classes = {
	};
	objectVersion = 46;
	objects = {

/* Begin PBXBuildFile section */
		5002BD6C1439DE2400FEAB3C /* AudioToolbox.framework in Frameworks */ = {isa = PBXBuildFile; fileRef = 5002BD6B1439DE2400FEAB3C /* AudioToolbox.framework */; };
		5002BD7A1439E49700FEAB3C /* SPLoginViewController.m in Sources */ = {isa = PBXBuildFile; fileRef = 5002BD781439E49700FEAB3C /* SPLoginViewController.m */; };
		5002BD7D1439E8E800FEAB3C /* SystemConfiguration.framework in Frameworks */ = {isa = PBXBuildFile; fileRef = 5002BD7C1439E8E800FEAB3C /* SystemConfiguration.framework */; };
		5002BD7F1439E8FC00FEAB3C /* CFNetwork.framework in Frameworks */ = {isa = PBXBuildFile; fileRef = 5002BD7E1439E8FC00FEAB3C /* CFNetwork.framework */; };
		5002BD811439E90400FEAB3C /* libstdc++.dylib in Frameworks */ = {isa = PBXBuildFile; fileRef = 5002BD801439E90400FEAB3C /* libstdc++.dylib */; };
		50A26BEA1439D79D00A0C876 /* libCocoaLibSpotify.a in Frameworks */ = {isa = PBXBuildFile; fileRef = 500EC8CA1439D54E00E8A60C /* libCocoaLibSpotify.a */; };
		50A26BEC1439D7AA00A0C876 /* CoreAudio.framework in Frameworks */ = {isa = PBXBuildFile; fileRef = 50A26BEB1439D7AA00A0C876 /* CoreAudio.framework */; };
		50AF49AD1439CB6D00E4A5EF /* UIKit.framework in Frameworks */ = {isa = PBXBuildFile; fileRef = 50AF49AC1439CB6D00E4A5EF /* UIKit.framework */; };
		50AF49AF1439CB6D00E4A5EF /* Foundation.framework in Frameworks */ = {isa = PBXBuildFile; fileRef = 50AF49AE1439CB6D00E4A5EF /* Foundation.framework */; };
		50AF49B11439CB6D00E4A5EF /* CoreGraphics.framework in Frameworks */ = {isa = PBXBuildFile; fileRef = 50AF49B01439CB6D00E4A5EF /* CoreGraphics.framework */; };
		50AF49B71439CB6D00E4A5EF /* InfoPlist.strings in Resources */ = {isa = PBXBuildFile; fileRef = 50AF49B51439CB6D00E4A5EF /* InfoPlist.strings */; };
		50AF49B91439CB6D00E4A5EF /* main.m in Sources */ = {isa = PBXBuildFile; fileRef = 50AF49B81439CB6D00E4A5EF /* main.m */; };
		50AF49BD1439CB6D00E4A5EF /* JukeBoxAppDelegate.m in Sources */ = {isa = PBXBuildFile; fileRef = 50AF49BC1439CB6D00E4A5EF /* JukeBoxAppDelegate.m */; };
		50AF49C41439CB6D00E4A5EF /* MainWindow_iPhone.xib in Resources */ = {isa = PBXBuildFile; fileRef = 50AF49C21439CB6D00E4A5EF /* MainWindow_iPhone.xib */; };
		50AF49CB1439CB6D00E4A5EF /* MainWindow_iPad.xib in Resources */ = {isa = PBXBuildFile; fileRef = 50AF49C91439CB6D00E4A5EF /* MainWindow_iPad.xib */; };
		50FAA136143A02AE00FF06D7 /* SPLoginViewController_iPhone.xib in Resources */ = {isa = PBXBuildFile; fileRef = 50FAA138143A02AE00FF06D7 /* SPLoginViewController_iPhone.xib */; };
		50FAA139143A02B300FF06D7 /* SPLoginViewController_iPad.xib in Resources */ = {isa = PBXBuildFile; fileRef = 50FAA13B143A02B300FF06D7 /* SPLoginViewController_iPad.xib */; };
		50FAA141143A0B1400FF06D7 /* AVFoundation.framework in Frameworks */ = {isa = PBXBuildFile; fileRef = 50FAA140143A0B1400FF06D7 /* AVFoundation.framework */; };
		75110051152B7ABB004290C4 /* MobileCoreServices.framework in Frameworks */ = {isa = PBXBuildFile; fileRef = 75110050152B7ABB004290C4 /* MobileCoreServices.framework */; };
		75110053152B7AC6004290C4 /* libz.1.1.3.dylib in Frameworks */ = {isa = PBXBuildFile; fileRef = 75110052152B7AC6004290C4 /* libz.1.1.3.dylib */; };
		75110055152B7ACF004290C4 /* Security.framework in Frameworks */ = {isa = PBXBuildFile; fileRef = 75110054152B7ACF004290C4 /* Security.framework */; };
		75110057152B7AD7004290C4 /* QuartzCore.framework in Frameworks */ = {isa = PBXBuildFile; fileRef = 75110056152B7AD7004290C4 /* QuartzCore.framework */; };
		7567998A1528B0F900EEA7D7 /* JBAllPlaylistsTableViewController.m in Sources */ = {isa = PBXBuildFile; fileRef = 756799851528B0F900EEA7D7 /* JBAllPlaylistsTableViewController.m */; };
		7567998B1528B0F900EEA7D7 /* JBCurrentQueueController.m in Sources */ = {isa = PBXBuildFile; fileRef = 756799871528B0F900EEA7D7 /* JBCurrentQueueController.m */; };
		7567998C1528B0F900EEA7D7 /* JBMainViewController.m in Sources */ = {isa = PBXBuildFile; fileRef = 756799891528B0F900EEA7D7 /* JBMainViewController.m */; };
		7567998F1528B12B00EEA7D7 /* JBMainView.xib in Resources */ = {isa = PBXBuildFile; fileRef = 7567998E1528B12B00EEA7D7 /* JBMainView.xib */; };
		759E6E2C152E0AF300DEC515 /* Parse.framework in Frameworks */ = {isa = PBXBuildFile; fileRef = 759E6E2B152E0AF300DEC515 /* Parse.framework */; };
		759E6E2E152E0B8B00DEC515 /* GHUnitIOS.framework in Frameworks */ = {isa = PBXBuildFile; fileRef = 759E6E2D152E0B8B00DEC515 /* GHUnitIOS.framework */; };
		759E6E31152E102400DEC515 /* JBAllSongsInPlaylistViewController.m in Sources */ = {isa = PBXBuildFile; fileRef = 759E6E30152E102400DEC515 /* JBAllSongsInPlaylistViewController.m */; };
/* End PBXBuildFile section */

/* Begin PBXContainerItemProxy section */
		500EC8C91439D54E00E8A60C /* PBXContainerItemProxy */ = {
			isa = PBXContainerItemProxy;
			containerPortal = 500EC8C21439D54E00E8A60C /* CocoaLibSpotify iOS Library.xcodeproj */;
			proxyType = 2;
			remoteGlobalIDString = 50AF49DC1439CBFE00E4A5EF;
			remoteInfo = CocoaLibSpotify;
		};
		500EC8CB1439D57500E8A60C /* PBXContainerItemProxy */ = {
			isa = PBXContainerItemProxy;
			containerPortal = 500EC8C21439D54E00E8A60C /* CocoaLibSpotify iOS Library.xcodeproj */;
			proxyType = 1;
			remoteGlobalIDString = 50AF49DB1439CBFE00E4A5EF;
			remoteInfo = CocoaLibSpotify;
		};
/* End PBXContainerItemProxy section */

/* Begin PBXFileReference section */
		5002BD6B1439DE2400FEAB3C /* AudioToolbox.framework */ = {isa = PBXFileReference; lastKnownFileType = wrapper.framework; name = AudioToolbox.framework; path = System/Library/Frameworks/AudioToolbox.framework; sourceTree = SDKROOT; };
		5002BD771439E49700FEAB3C /* SPLoginViewController.h */ = {isa = PBXFileReference; fileEncoding = 4; lastKnownFileType = sourcecode.c.h; path = SPLoginViewController.h; sourceTree = "<group>"; };
		5002BD781439E49700FEAB3C /* SPLoginViewController.m */ = {isa = PBXFileReference; fileEncoding = 4; lastKnownFileType = sourcecode.c.objc; path = SPLoginViewController.m; sourceTree = "<group>"; };
		5002BD7C1439E8E800FEAB3C /* SystemConfiguration.framework */ = {isa = PBXFileReference; lastKnownFileType = wrapper.framework; name = SystemConfiguration.framework; path = System/Library/Frameworks/SystemConfiguration.framework; sourceTree = SDKROOT; };
		5002BD7E1439E8FC00FEAB3C /* CFNetwork.framework */ = {isa = PBXFileReference; lastKnownFileType = wrapper.framework; name = CFNetwork.framework; path = System/Library/Frameworks/CFNetwork.framework; sourceTree = SDKROOT; };
		5002BD801439E90400FEAB3C /* libstdc++.dylib */ = {isa = PBXFileReference; lastKnownFileType = "compiled.mach-o.dylib"; name = "libstdc++.dylib"; path = "usr/lib/libstdc++.dylib"; sourceTree = SDKROOT; };
		500EC8C21439D54E00E8A60C /* CocoaLibSpotify iOS Library.xcodeproj */ = {isa = PBXFileReference; lastKnownFileType = "wrapper.pb-project"; name = "CocoaLibSpotify iOS Library.xcodeproj"; path = "../../CocoaLibSpotify iOS Library.xcodeproj"; sourceTree = "<group>"; };
		50A26BEB1439D7AA00A0C876 /* CoreAudio.framework */ = {isa = PBXFileReference; lastKnownFileType = wrapper.framework; name = CoreAudio.framework; path = System/Library/Frameworks/CoreAudio.framework; sourceTree = SDKROOT; };
		50AF49A81439CB6D00E4A5EF /* JukeBox.app */ = {isa = PBXFileReference; explicitFileType = wrapper.application; includeInIndex = 0; path = JukeBox.app; sourceTree = BUILT_PRODUCTS_DIR; };
		50AF49AC1439CB6D00E4A5EF /* UIKit.framework */ = {isa = PBXFileReference; lastKnownFileType = wrapper.framework; name = UIKit.framework; path = System/Library/Frameworks/UIKit.framework; sourceTree = SDKROOT; };
		50AF49AE1439CB6D00E4A5EF /* Foundation.framework */ = {isa = PBXFileReference; lastKnownFileType = wrapper.framework; name = Foundation.framework; path = System/Library/Frameworks/Foundation.framework; sourceTree = SDKROOT; };
		50AF49B01439CB6D00E4A5EF /* CoreGraphics.framework */ = {isa = PBXFileReference; lastKnownFileType = wrapper.framework; name = CoreGraphics.framework; path = System/Library/Frameworks/CoreGraphics.framework; sourceTree = SDKROOT; };
		50AF49B41439CB6D00E4A5EF /* JukeBox-Info.plist */ = {isa = PBXFileReference; lastKnownFileType = text.plist.xml; path = "JukeBox-Info.plist"; sourceTree = "<group>"; };
		50AF49B61439CB6D00E4A5EF /* en */ = {isa = PBXFileReference; lastKnownFileType = text.plist.strings; name = en; path = en.lproj/InfoPlist.strings; sourceTree = "<group>"; };
		50AF49B81439CB6D00E4A5EF /* main.m */ = {isa = PBXFileReference; lastKnownFileType = sourcecode.c.objc; path = main.m; sourceTree = "<group>"; };
		50AF49BA1439CB6D00E4A5EF /* JukeBox-Prefix.pch */ = {isa = PBXFileReference; lastKnownFileType = sourcecode.c.h; path = "JukeBox-Prefix.pch"; sourceTree = "<group>"; };
		50AF49BB1439CB6D00E4A5EF /* JukeBoxAppDelegate.h */ = {isa = PBXFileReference; lastKnownFileType = sourcecode.c.h; path = JukeBoxAppDelegate.h; sourceTree = "<group>"; };
		50AF49BC1439CB6D00E4A5EF /* JukeBoxAppDelegate.m */ = {isa = PBXFileReference; lastKnownFileType = sourcecode.c.objc; path = JukeBoxAppDelegate.m; sourceTree = "<group>"; };
		50AF49C31439CB6D00E4A5EF /* en */ = {isa = PBXFileReference; lastKnownFileType = file.xib; name = en; path = iPhone/en.lproj/MainWindow_iPhone.xib; sourceTree = "<group>"; };
		50AF49CA1439CB6D00E4A5EF /* en */ = {isa = PBXFileReference; lastKnownFileType = file.xib; name = en; path = iPad/en.lproj/MainWindow_iPad.xib; sourceTree = "<group>"; };
		50FAA137143A02AE00FF06D7 /* en */ = {isa = PBXFileReference; lastKnownFileType = file.xib; name = en; path = en.lproj/SPLoginViewController_iPhone.xib; sourceTree = "<group>"; };
		50FAA13A143A02B300FF06D7 /* en */ = {isa = PBXFileReference; lastKnownFileType = file.xib; name = en; path = en.lproj/SPLoginViewController_iPad.xib; sourceTree = "<group>"; };
		50FAA140143A0B1400FF06D7 /* AVFoundation.framework */ = {isa = PBXFileReference; lastKnownFileType = wrapper.framework; name = AVFoundation.framework; path = System/Library/Frameworks/AVFoundation.framework; sourceTree = SDKROOT; };
		75110050152B7ABB004290C4 /* MobileCoreServices.framework */ = {isa = PBXFileReference; lastKnownFileType = wrapper.framework; name = MobileCoreServices.framework; path = System/Library/Frameworks/MobileCoreServices.framework; sourceTree = SDKROOT; };
		75110052152B7AC6004290C4 /* libz.1.1.3.dylib */ = {isa = PBXFileReference; lastKnownFileType = "compiled.mach-o.dylib"; name = libz.1.1.3.dylib; path = usr/lib/libz.1.1.3.dylib; sourceTree = SDKROOT; };
		75110054152B7ACF004290C4 /* Security.framework */ = {isa = PBXFileReference; lastKnownFileType = wrapper.framework; name = Security.framework; path = System/Library/Frameworks/Security.framework; sourceTree = SDKROOT; };
		75110056152B7AD7004290C4 /* QuartzCore.framework */ = {isa = PBXFileReference; lastKnownFileType = wrapper.framework; name = QuartzCore.framework; path = System/Library/Frameworks/QuartzCore.framework; sourceTree = SDKROOT; };
		75110058152B7B3C004290C4 /* SenTestingKit.framework */ = {isa = PBXFileReference; lastKnownFileType = wrapper.framework; name = SenTestingKit.framework; path = Library/Frameworks/SenTestingKit.framework; sourceTree = DEVELOPER_DIR; };
		756799841528B0F900EEA7D7 /* JBAllPlaylistsTableViewController.h */ = {isa = PBXFileReference; fileEncoding = 4; lastKnownFileType = sourcecode.c.h; path = JBAllPlaylistsTableViewController.h; sourceTree = "<group>"; };
		756799851528B0F900EEA7D7 /* JBAllPlaylistsTableViewController.m */ = {isa = PBXFileReference; fileEncoding = 4; lastKnownFileType = sourcecode.c.objc; path = JBAllPlaylistsTableViewController.m; sourceTree = "<group>"; };
		756799861528B0F900EEA7D7 /* JBCurrentQueueController.h */ = {isa = PBXFileReference; fileEncoding = 4; lastKnownFileType = sourcecode.c.h; path = JBCurrentQueueController.h; sourceTree = "<group>"; };
		756799871528B0F900EEA7D7 /* JBCurrentQueueController.m */ = {isa = PBXFileReference; fileEncoding = 4; lastKnownFileType = sourcecode.c.objc; path = JBCurrentQueueController.m; sourceTree = "<group>"; };
		756799881528B0F900EEA7D7 /* JBMainViewController.h */ = {isa = PBXFileReference; fileEncoding = 4; lastKnownFileType = sourcecode.c.h; path = JBMainViewController.h; sourceTree = "<group>"; };
		756799891528B0F900EEA7D7 /* JBMainViewController.m */ = {isa = PBXFileReference; fileEncoding = 4; lastKnownFileType = sourcecode.c.objc; path = JBMainViewController.m; sourceTree = "<group>"; };
		7567998E1528B12B00EEA7D7 /* JBMainView.xib */ = {isa = PBXFileReference; fileEncoding = 4; lastKnownFileType = file.xib; path = JBMainView.xib; sourceTree = "<group>"; };
		758EED5D1525B40900169837 /* appkey.c */ = {isa = PBXFileReference; fileEncoding = 4; lastKnownFileType = sourcecode.c.c; path = appkey.c; sourceTree = "<group>"; };
		759E6E2B152E0AF300DEC515 /* Parse.framework */ = {isa = PBXFileReference; lastKnownFileType = wrapper.framework; path = Parse.framework; sourceTree = "<group>"; };
		759E6E2D152E0B8B00DEC515 /* GHUnitIOS.framework */ = {isa = PBXFileReference; lastKnownFileType = wrapper.framework; path = GHUnitIOS.framework; sourceTree = "<group>"; };
		759E6E2F152E102400DEC515 /* JBAllSongsInPlaylistViewController.h */ = {isa = PBXFileReference; fileEncoding = 4; lastKnownFileType = sourcecode.c.h; path = JBAllSongsInPlaylistViewController.h; sourceTree = "<group>"; };
		759E6E30152E102400DEC515 /* JBAllSongsInPlaylistViewController.m */ = {isa = PBXFileReference; fileEncoding = 4; lastKnownFileType = sourcecode.c.objc; path = JBAllSongsInPlaylistViewController.m; sourceTree = "<group>"; };
/* End PBXFileReference section */

/* Begin PBXFrameworksBuildPhase section */
		50AF49A51439CB6D00E4A5EF /* Frameworks */ = {
			isa = PBXFrameworksBuildPhase;
			buildActionMask = 2147483647;
			files = (
				75110057152B7AD7004290C4 /* QuartzCore.framework in Frameworks */,
				75110055152B7ACF004290C4 /* Security.framework in Frameworks */,
				75110053152B7AC6004290C4 /* libz.1.1.3.dylib in Frameworks */,
				75110051152B7ABB004290C4 /* MobileCoreServices.framework in Frameworks */,
				50FAA141143A0B1400FF06D7 /* AVFoundation.framework in Frameworks */,
				5002BD811439E90400FEAB3C /* libstdc++.dylib in Frameworks */,
				5002BD7F1439E8FC00FEAB3C /* CFNetwork.framework in Frameworks */,
				5002BD7D1439E8E800FEAB3C /* SystemConfiguration.framework in Frameworks */,
				5002BD6C1439DE2400FEAB3C /* AudioToolbox.framework in Frameworks */,
				50A26BEC1439D7AA00A0C876 /* CoreAudio.framework in Frameworks */,
				50A26BEA1439D79D00A0C876 /* libCocoaLibSpotify.a in Frameworks */,
				50AF49AD1439CB6D00E4A5EF /* UIKit.framework in Frameworks */,
				50AF49AF1439CB6D00E4A5EF /* Foundation.framework in Frameworks */,
				50AF49B11439CB6D00E4A5EF /* CoreGraphics.framework in Frameworks */,
				759E6E2E152E0B8B00DEC515 /* GHUnitIOS.framework in Frameworks */,
				759E6E2C152E0AF300DEC515 /* Parse.framework in Frameworks */,
			);
			runOnlyForDeploymentPostprocessing = 0;
		};
/* End PBXFrameworksBuildPhase section */

/* Begin PBXGroup section */
		5002BD761439E47300FEAB3C /* Login View Controller */ = {
			isa = PBXGroup;
			children = (
				5002BD771439E49700FEAB3C /* SPLoginViewController.h */,
				5002BD781439E49700FEAB3C /* SPLoginViewController.m */,
				50FAA138143A02AE00FF06D7 /* SPLoginViewController_iPhone.xib */,
				50FAA13B143A02B300FF06D7 /* SPLoginViewController_iPad.xib */,
			);
			name = "Login View Controller";
			sourceTree = "<group>";
		};
		500EC8C31439D54E00E8A60C /* Products */ = {
			isa = PBXGroup;
			children = (
				500EC8CA1439D54E00E8A60C /* libCocoaLibSpotify.a */,
			);
			name = Products;
			sourceTree = "<group>";
		};
		50AF499D1439CB6D00E4A5EF = {
			isa = PBXGroup;
			children = (
				500EC8C21439D54E00E8A60C /* CocoaLibSpotify iOS Library.xcodeproj */,
				50AF49B21439CB6D00E4A5EF /* JukeBox */,
				50AF49AB1439CB6D00E4A5EF /* Frameworks */,
				50AF49A91439CB6D00E4A5EF /* Products */,
			);
			sourceTree = "<group>";
		};
		50AF49A91439CB6D00E4A5EF /* Products */ = {
			isa = PBXGroup;
			children = (
				50AF49A81439CB6D00E4A5EF /* JukeBox.app */,
			);
			name = Products;
			sourceTree = "<group>";
		};
		50AF49AB1439CB6D00E4A5EF /* Frameworks */ = {
			isa = PBXGroup;
			children = (
				759E6E2B152E0AF300DEC515 /* Parse.framework */,
				759E6E2D152E0B8B00DEC515 /* GHUnitIOS.framework */,
				75110058152B7B3C004290C4 /* SenTestingKit.framework */,
				75110056152B7AD7004290C4 /* QuartzCore.framework */,
				75110054152B7ACF004290C4 /* Security.framework */,
				75110052152B7AC6004290C4 /* libz.1.1.3.dylib */,
				75110050152B7ABB004290C4 /* MobileCoreServices.framework */,
				50FAA140143A0B1400FF06D7 /* AVFoundation.framework */,
				5002BD801439E90400FEAB3C /* libstdc++.dylib */,
				5002BD7E1439E8FC00FEAB3C /* CFNetwork.framework */,
				5002BD7C1439E8E800FEAB3C /* SystemConfiguration.framework */,
				5002BD6B1439DE2400FEAB3C /* AudioToolbox.framework */,
				50A26BEB1439D7AA00A0C876 /* CoreAudio.framework */,
				50AF49AC1439CB6D00E4A5EF /* UIKit.framework */,
				50AF49AE1439CB6D00E4A5EF /* Foundation.framework */,
				50AF49B01439CB6D00E4A5EF /* CoreGraphics.framework */,
			);
			name = Frameworks;
			sourceTree = "<group>";
		};
		50AF49B21439CB6D00E4A5EF /* JukeBox */ = {
			isa = PBXGroup;
			children = (
				50AF49BB1439CB6D00E4A5EF /* JukeBoxAppDelegate.h */,
				50AF49BC1439CB6D00E4A5EF /* JukeBoxAppDelegate.m */,
				50AF49C21439CB6D00E4A5EF /* MainWindow_iPhone.xib */,
				50AF49C91439CB6D00E4A5EF /* MainWindow_iPad.xib */,
				5002BD761439E47300FEAB3C /* Login View Controller */,
				756799831528B0CA00EEA7D7 /* Controllers */,
				7567998D1528B10100EEA7D7 /* Nibs */,
				50AF49B31439CB6D00E4A5EF /* Supporting Files */,
			);
			name = JukeBox;
			path = "Simple Player";
			sourceTree = "<group>";
		};
		50AF49B31439CB6D00E4A5EF /* Supporting Files */ = {
			isa = PBXGroup;
			children = (
				758EED5D1525B40900169837 /* appkey.c */,
				50AF49B41439CB6D00E4A5EF /* JukeBox-Info.plist */,
				50AF49B51439CB6D00E4A5EF /* InfoPlist.strings */,
				50AF49B81439CB6D00E4A5EF /* main.m */,
				50AF49BA1439CB6D00E4A5EF /* JukeBox-Prefix.pch */,
			);
			name = "Supporting Files";
			sourceTree = "<group>";
		};
		756799831528B0CA00EEA7D7 /* Controllers */ = {
			isa = PBXGroup;
			children = (
				756799841528B0F900EEA7D7 /* JBAllPlaylistsTableViewController.h */,
				756799851528B0F900EEA7D7 /* JBAllPlaylistsTableViewController.m */,
				756799861528B0F900EEA7D7 /* JBCurrentQueueController.h */,
				756799871528B0F900EEA7D7 /* JBCurrentQueueController.m */,
				756799881528B0F900EEA7D7 /* JBMainViewController.h */,
				756799891528B0F900EEA7D7 /* JBMainViewController.m */,
				759E6E2F152E102400DEC515 /* JBAllSongsInPlaylistViewController.h */,
				759E6E30152E102400DEC515 /* JBAllSongsInPlaylistViewController.m */,
			);
			name = Controllers;
			sourceTree = "<group>";
		};
		7567998D1528B10100EEA7D7 /* Nibs */ = {
			isa = PBXGroup;
			children = (
				7567998E1528B12B00EEA7D7 /* JBMainView.xib */,
			);
			name = Nibs;
			sourceTree = "<group>";
		};
/* End PBXGroup section */

/* Begin PBXNativeTarget section */
		50AF49A71439CB6D00E4A5EF /* JukeBox */ = {
			isa = PBXNativeTarget;
			buildConfigurationList = 50AF49CE1439CB6E00E4A5EF /* Build configuration list for PBXNativeTarget "JukeBox" */;
			buildPhases = (
				50AF49A41439CB6D00E4A5EF /* Sources */,
				50AF49A51439CB6D00E4A5EF /* Frameworks */,
				50AF49A61439CB6D00E4A5EF /* Resources */,
			);
			buildRules = (
			);
			dependencies = (
				500EC8CC1439D57500E8A60C /* PBXTargetDependency */,
			);
			name = JukeBox;
			productName = "Simple Player";
			productReference = 50AF49A81439CB6D00E4A5EF /* JukeBox.app */;
			productType = "com.apple.product-type.application";
		};
/* End PBXNativeTarget section */

/* Begin PBXProject section */
		50AF499F1439CB6D00E4A5EF /* Project object */ = {
			isa = PBXProject;
			attributes = {
				ORGANIZATIONNAME = Spotify;
			};
			buildConfigurationList = 50AF49A21439CB6D00E4A5EF /* Build configuration list for PBXProject "JukeBox" */;
			compatibilityVersion = "Xcode 3.2";
			developmentRegion = English;
			hasScannedForEncodings = 0;
			knownRegions = (
				en,
			);
			mainGroup = 50AF499D1439CB6D00E4A5EF;
			productRefGroup = 50AF49A91439CB6D00E4A5EF /* Products */;
			projectDirPath = "";
			projectReferences = (
				{
					ProductGroup = 500EC8C31439D54E00E8A60C /* Products */;
					ProjectRef = 500EC8C21439D54E00E8A60C /* CocoaLibSpotify iOS Library.xcodeproj */;
				},
			);
			projectRoot = "";
			targets = (
				50AF49A71439CB6D00E4A5EF /* JukeBox */,
			);
		};
/* End PBXProject section */

/* Begin PBXReferenceProxy section */
		500EC8CA1439D54E00E8A60C /* libCocoaLibSpotify.a */ = {
			isa = PBXReferenceProxy;
			fileType = archive.ar;
			path = libCocoaLibSpotify.a;
			remoteRef = 500EC8C91439D54E00E8A60C /* PBXContainerItemProxy */;
			sourceTree = BUILT_PRODUCTS_DIR;
		};
/* End PBXReferenceProxy section */

/* Begin PBXResourcesBuildPhase section */
		50AF49A61439CB6D00E4A5EF /* Resources */ = {
			isa = PBXResourcesBuildPhase;
			buildActionMask = 2147483647;
			files = (
				50AF49B71439CB6D00E4A5EF /* InfoPlist.strings in Resources */,
				50AF49C41439CB6D00E4A5EF /* MainWindow_iPhone.xib in Resources */,
				50AF49CB1439CB6D00E4A5EF /* MainWindow_iPad.xib in Resources */,
				50FAA136143A02AE00FF06D7 /* SPLoginViewController_iPhone.xib in Resources */,
				50FAA139143A02B300FF06D7 /* SPLoginViewController_iPad.xib in Resources */,
				7567998F1528B12B00EEA7D7 /* JBMainView.xib in Resources */,
			);
			runOnlyForDeploymentPostprocessing = 0;
		};
/* End PBXResourcesBuildPhase section */

/* Begin PBXSourcesBuildPhase section */
		50AF49A41439CB6D00E4A5EF /* Sources */ = {
			isa = PBXSourcesBuildPhase;
			buildActionMask = 2147483647;
			files = (
				50AF49B91439CB6D00E4A5EF /* main.m in Sources */,
				50AF49BD1439CB6D00E4A5EF /* JukeBoxAppDelegate.m in Sources */,
				5002BD7A1439E49700FEAB3C /* SPLoginViewController.m in Sources */,
				7567998A1528B0F900EEA7D7 /* JBAllPlaylistsTableViewController.m in Sources */,
				7567998B1528B0F900EEA7D7 /* JBCurrentQueueController.m in Sources */,
				7567998C1528B0F900EEA7D7 /* JBMainViewController.m in Sources */,
				759E6E31152E102400DEC515 /* JBAllSongsInPlaylistViewController.m in Sources */,
			);
			runOnlyForDeploymentPostprocessing = 0;
		};
/* End PBXSourcesBuildPhase section */

/* Begin PBXTargetDependency section */
		500EC8CC1439D57500E8A60C /* PBXTargetDependency */ = {
			isa = PBXTargetDependency;
			name = CocoaLibSpotify;
			targetProxy = 500EC8CB1439D57500E8A60C /* PBXContainerItemProxy */;
		};
/* End PBXTargetDependency section */

/* Begin PBXVariantGroup section */
		50AF49B51439CB6D00E4A5EF /* InfoPlist.strings */ = {
			isa = PBXVariantGroup;
			children = (
				50AF49B61439CB6D00E4A5EF /* en */,
			);
			name = InfoPlist.strings;
			sourceTree = "<group>";
		};
		50AF49C21439CB6D00E4A5EF /* MainWindow_iPhone.xib */ = {
			isa = PBXVariantGroup;
			children = (
				50AF49C31439CB6D00E4A5EF /* en */,
			);
			name = MainWindow_iPhone.xib;
			sourceTree = "<group>";
		};
		50AF49C91439CB6D00E4A5EF /* MainWindow_iPad.xib */ = {
			isa = PBXVariantGroup;
			children = (
				50AF49CA1439CB6D00E4A5EF /* en */,
			);
			name = MainWindow_iPad.xib;
			sourceTree = "<group>";
		};
		50FAA138143A02AE00FF06D7 /* SPLoginViewController_iPhone.xib */ = {
			isa = PBXVariantGroup;
			children = (
				50FAA137143A02AE00FF06D7 /* en */,
			);
			name = SPLoginViewController_iPhone.xib;
			sourceTree = "<group>";
		};
		50FAA13B143A02B300FF06D7 /* SPLoginViewController_iPad.xib */ = {
			isa = PBXVariantGroup;
			children = (
				50FAA13A143A02B300FF06D7 /* en */,
			);
			name = SPLoginViewController_iPad.xib;
			sourceTree = "<group>";
		};
/* End PBXVariantGroup section */

/* Begin XCBuildConfiguration section */
		50AF49CC1439CB6E00E4A5EF /* Debug */ = {
			isa = XCBuildConfiguration;
			buildSettings = {
				ALWAYS_SEARCH_USER_PATHS = NO;
				"CODE_SIGN_IDENTITY[sdk=iphoneos*]" = "iPhone Developer";
				COPY_PHASE_STRIP = NO;
				GCC_C_LANGUAGE_STANDARD = gnu99;
				GCC_DYNAMIC_NO_PIC = NO;
				GCC_OPTIMIZATION_LEVEL = 0;
				GCC_PREPROCESSOR_DEFINITIONS = (
					"DEBUG=1",
					"$(inherited)",
				);
				GCC_SYMBOLS_PRIVATE_EXTERN = NO;
				GCC_VERSION = com.apple.compilers.llvmgcc42;
				GCC_WARN_ABOUT_MISSING_PROTOTYPES = YES;
				GCC_WARN_ABOUT_RETURN_TYPE = YES;
				GCC_WARN_UNUSED_VARIABLE = YES;
				HEADER_SEARCH_PATHS = $CONFIGURATION_BUILD_DIR/include;
				IPHONEOS_DEPLOYMENT_TARGET = 4.3;
				OTHER_LDFLAGS = "";
				SDKROOT = iphoneos;
				TARGETED_DEVICE_FAMILY = "1,2";
			};
			name = Debug;
		};
		50AF49CD1439CB6E00E4A5EF /* Release */ = {
			isa = XCBuildConfiguration;
			buildSettings = {
				ALWAYS_SEARCH_USER_PATHS = NO;
				"CODE_SIGN_IDENTITY[sdk=iphoneos*]" = "iPhone Developer";
				COPY_PHASE_STRIP = YES;
				GCC_C_LANGUAGE_STANDARD = gnu99;
				GCC_VERSION = com.apple.compilers.llvmgcc42;
				GCC_WARN_ABOUT_MISSING_PROTOTYPES = YES;
				GCC_WARN_ABOUT_RETURN_TYPE = YES;
				GCC_WARN_UNUSED_VARIABLE = YES;
				HEADER_SEARCH_PATHS = $CONFIGURATION_BUILD_DIR/include;
				IPHONEOS_DEPLOYMENT_TARGET = 4.3;
				OTHER_CFLAGS = "-DNS_BLOCK_ASSERTIONS=1";
				OTHER_LDFLAGS = "";
				SDKROOT = iphoneos;
				TARGETED_DEVICE_FAMILY = "1,2";
				VALIDATE_PRODUCT = YES;
			};
			name = Release;
		};
		50AF49CF1439CB6E00E4A5EF /* Debug */ = {
			isa = XCBuildConfiguration;
			buildSettings = {
				FRAMEWORK_SEARCH_PATHS = (
					"$(inherited)",
					"\"$(SRCROOT)\"",
					"\"$(SYSTEM_APPS_DIR)/Xcode 4.3.2.app/Contents/Developer/Library/Frameworks\"",
				);
				GCC_PRECOMPILE_PREFIX_HEADER = YES;
				GCC_PREFIX_HEADER = "Simple Player/JukeBox-Prefix.pch";
				INFOPLIST_FILE = "Simple Player/JukeBox-Info.plist";
				OTHER_LDFLAGS = (
					"-all_load",
					"-ObjC",
				);
				PRODUCT_NAME = JukeBox;
				WRAPPER_EXTENSION = app;
			};
			name = Debug;
		};
		50AF49D01439CB6E00E4A5EF /* Release */ = {
			isa = XCBuildConfiguration;
			buildSettings = {
				FRAMEWORK_SEARCH_PATHS = (
					"$(inherited)",
					"\"$(SRCROOT)\"",
					"\"$(SYSTEM_APPS_DIR)/Xcode 4.3.2.app/Contents/Developer/Library/Frameworks\"",
				);
				GCC_PRECOMPILE_PREFIX_HEADER = YES;
				GCC_PREFIX_HEADER = "Simple Player/JukeBox-Prefix.pch";
				INFOPLIST_FILE = "Simple Player/JukeBox-Info.plist";
				OTHER_LDFLAGS = (
					"-all_load",
					"-ObjC",
				);
				PRODUCT_NAME = JukeBox;
				WRAPPER_EXTENSION = app;
			};
			name = Release;
		};
/* End XCBuildConfiguration section */

/* Begin XCConfigurationList section */
		50AF49A21439CB6D00E4A5EF /* Build configuration list for PBXProject "JukeBox" */ = {
			isa = XCConfigurationList;
			buildConfigurations = (
				50AF49CC1439CB6E00E4A5EF /* Debug */,
				50AF49CD1439CB6E00E4A5EF /* Release */,
			);
			defaultConfigurationIsVisible = 0;
			defaultConfigurationName = Release;
		};
		50AF49CE1439CB6E00E4A5EF /* Build configuration list for PBXNativeTarget "JukeBox" */ = {
			isa = XCConfigurationList;
			buildConfigurations = (
				50AF49CF1439CB6E00E4A5EF /* Debug */,
				50AF49D01439CB6E00E4A5EF /* Release */,
			);
			defaultConfigurationIsVisible = 0;
			defaultConfigurationName = Release;
		};
/* End XCConfigurationList section */
	};
	rootObject = 50AF499F1439CB6D00E4A5EF /* Project object */;
}
